
Microsoft Visual Studio Solution File, Format Version 12.00
Project("{FAE04EC0-301F-11D3-BF4B-00C04F79EFBC}") = "HousingEstate", "HousingEstate\HousingEstate.csproj", "{C0AB8964-F79B-4E8B-865E-DB32CEB5D252}"
EndProject
Global
	GlobalSection(SolutionConfigurationPlatforms) = preSolution
		Debug|Any CPU = Debug|Any CPU
		Release|Any CPU = Release|Any CPU
	EndGlobalSection
	GlobalSection(ProjectConfigurationPlatforms) = postSolution
		{C0AB8964-F79B-4E8B-865E-DB32CEB5D252}.Debug|Any CPU.ActiveCfg = Debug|Any CPU
		{C0AB8964-F79B-4E8B-865E-DB32CEB5D252}.Debug|Any CPU.Build.0 = Debug|Any CPU
		{C0AB8964-F79B-4E8B-865E-DB32CEB5D252}.Release|Any CPU.ActiveCfg = Release|Any CPU
		{C0AB8964-F79B-4E8B-865E-DB32CEB5D252}.Release|Any CPU.Build.0 = Release|Any CPU
	EndGlobalSection
EndGlobal
